
Microsoft Visual Studio Solution File, Format Version 12.00
# Visual Studio Version 17
VisualStudioVersion = 17.0.31919.166
MinimumVisualStudioVersion = 10.0.40219.1
Project("{FAE04EC0-301F-11D3-BF4B-00C04F79EFBC}") = "Esercitazione.Core", "Esercitazione.Core\Esercitazione.Core.csproj", "{9654E3A7-ED7D-4FB6-BF68-258C3555C66C}"
EndProject
Project("{FAE04EC0-301F-11D3-BF4B-00C04F79EFBC}") = "Esercitazione.Core.RepositoryEF", "Esercitazione.Core.RepositoryEF\Esercitazione.Core.RepositoryEF.csproj", "{EB6E7C48-6F74-4527-BA73-CB4743B439B6}"
EndProject
Project("{FAE04EC0-301F-11D3-BF4B-00C04F79EFBC}") = "Esercitazione.MVC", "Esercitazione.MVC\Esercitazione.MVC.csproj", "{630784D9-BFFA-4106-8C48-4B849C343B46}"
EndProject
Global
	GlobalSection(SolutionConfigurationPlatforms) = preSolution
		Debug|Any CPU = Debug|Any CPU
		Release|Any CPU = Release|Any CPU
	EndGlobalSection
	GlobalSection(ProjectConfigurationPlatforms) = postSolution
		{9654E3A7-ED7D-4FB6-BF68-258C3555C66C}.Debug|Any CPU.ActiveCfg = Debug|Any CPU
		{9654E3A7-ED7D-4FB6-BF68-258C3555C66C}.Debug|Any CPU.Build.0 = Debug|Any CPU
		{9654E3A7-ED7D-4FB6-BF68-258C3555C66C}.Release|Any CPU.ActiveCfg = Release|Any CPU
		{9654E3A7-ED7D-4FB6-BF68-258C3555C66C}.Release|Any CPU.Build.0 = Release|Any CPU
		{EB6E7C48-6F74-4527-BA73-CB4743B439B6}.Debug|Any CPU.ActiveCfg = Debug|Any CPU
		{EB6E7C48-6F74-4527-BA73-CB4743B439B6}.Debug|Any CPU.Build.0 = Debug|Any CPU
		{EB6E7C48-6F74-4527-BA73-CB4743B439B6}.Release|Any CPU.ActiveCfg = Release|Any CPU
		{EB6E7C48-6F74-4527-BA73-CB4743B439B6}.Release|Any CPU.Build.0 = Release|Any CPU
		{630784D9-BFFA-4106-8C48-4B849C343B46}.Debug|Any CPU.ActiveCfg = Debug|Any CPU
		{630784D9-BFFA-4106-8C48-4B849C343B46}.Debug|Any CPU.Build.0 = Debug|Any CPU
		{630784D9-BFFA-4106-8C48-4B849C343B46}.Release|Any CPU.ActiveCfg = Release|Any CPU
		{630784D9-BFFA-4106-8C48-4B849C343B46}.Release|Any CPU.Build.0 = Release|Any CPU
	EndGlobalSection
	GlobalSection(SolutionProperties) = preSolution
		HideSolutionNode = FALSE
	EndGlobalSection
	GlobalSection(ExtensibilityGlobals) = postSolution
		SolutionGuid = {86106CCB-DAF4-4384-98F6-55F804623C19}
	EndGlobalSection
EndGlobal
